
Microsoft Visual Studio Solution File, Format Version 12.00
# Visual Studio Version 17
VisualStudioVersion = 17.0.31903.59
MinimumVisualStudioVersion = 10.0.40219.1
Project("{2150E333-8FDC-42A3-9474-1A3956D46DE8}") = "FactoryPattern", "FactoryPattern", "{2AF2DD7A-C513-4DD3-8ED3-C9F1699FE086}"
EndProject
Project("{9A19103F-16F7-4668-BE54-9A1E7A4F7556}") = "FactoryPattern", "FactoryPattern\FactoryPattern.csproj", "{B7E79F52-4703-41DE-BE4D-C93BDE5B4C3B}"
EndProject
Project("{2150E333-8FDC-42A3-9474-1A3956D46DE8}") = "AbstractFactory", "AbstractFactory", "{E578D956-13CD-4235-AA83-CA2F534BF5AD}"
EndProject
Project("{9A19103F-16F7-4668-BE54-9A1E7A4F7556}") = "AbstractFactory", "AbstractFactory\AbstractFactory.csproj", "{B78A4B83-F97F-424D-97E3-26E179C0D690}"
EndProject
Project("{2150E333-8FDC-42A3-9474-1A3956D46DE8}") = "Builder", "Builder", "{546C7DC1-243D-47CF-B837-B5BACC129627}"
EndProject
Project("{9A19103F-16F7-4668-BE54-9A1E7A4F7556}") = "Builder", "Builder\Builder.csproj", "{C6B7B2FC-348C-4509-82B6-84445E42AA9A}"
EndProject
Project("{2150E333-8FDC-42A3-9474-1A3956D46DE8}") = "Prototype", "Prototype", "{AA04E44B-99C3-430F-A884-2F7B0AD9AC0E}"
EndProject
Project("{9A19103F-16F7-4668-BE54-9A1E7A4F7556}") = "Prototype", "Prototype\Prototype.csproj", "{824BB10E-D4A1-401B-A755-7FEAD6CAF927}"
EndProject
Project("{2150E333-8FDC-42A3-9474-1A3956D46DE8}") = "Adapter", "Adapter", "{5198CBCF-81A8-430D-A47E-A6CE4971F0CD}"
EndProject
Project("{9A19103F-16F7-4668-BE54-9A1E7A4F7556}") = "Adapter", "Adapter\Adapter.csproj", "{6DE94F9C-AF3B-405D-A75F-953250F3DD33}"
EndProject
Project("{2150E333-8FDC-42A3-9474-1A3956D46DE8}") = "Bridge", "Bridge", "{1F0F94A0-B442-459F-98CB-6046F15B98C5}"
EndProject
Project("{9A19103F-16F7-4668-BE54-9A1E7A4F7556}") = "Bridge", "Bridge\Bridge.csproj", "{24621F73-574C-4B34-B192-B3E251A9C12E}"
EndProject
Project("{2150E333-8FDC-42A3-9474-1A3956D46DE8}") = "Decorator", "Decorator", "{6A1E33DA-7EFD-490D-960F-77BFAADBEB03}"
EndProject
Project("{9A19103F-16F7-4668-BE54-9A1E7A4F7556}") = "Decorator", "Decorator\Decorator.csproj", "{AB017877-08D7-4722-8AFB-163A207948CA}"
EndProject
Project("{2150E333-8FDC-42A3-9474-1A3956D46DE8}") = "Composite", "Composite", "{6C6FFD75-1DFE-41F3-A949-1940182798FC}"
EndProject
Project("{FAE04EC0-301F-11D3-BF4B-00C04F79EFBC}") = "Composite", "Composite\Composite.csproj", "{0677BD75-1EEA-4470-B1EB-B010F07DE506}"
EndProject
Project("{2150E333-8FDC-42A3-9474-1A3956D46DE8}") = "Facade", "Facade", "{24B0ED0F-2410-482A-B6A3-9D49BB62E8AC}"
EndProject
Project("{FAE04EC0-301F-11D3-BF4B-00C04F79EFBC}") = "Facade", "Facade\Facade.csproj", "{D9E28F49-CB2A-486E-AF37-3F3CDAE98298}"
EndProject
Project("{2150E333-8FDC-42A3-9474-1A3956D46DE8}") = "Proxy", "Proxy", "{B622E0BC-97D3-4C94-B06A-46C4BEEB3A07}"
EndProject
Project("{FAE04EC0-301F-11D3-BF4B-00C04F79EFBC}") = "Proxy", "Proxy\Proxy.csproj", "{3805087B-233B-473A-A867-41F432032A5B}"
EndProject
Project("{2150E333-8FDC-42A3-9474-1A3956D46DE8}") = "Flyweight", "Flyweight", "{35EFAE6F-24DE-4AFC-B284-2270B79E6A96}"
EndProject
Project("{FAE04EC0-301F-11D3-BF4B-00C04F79EFBC}") = "Flyweight", "Flyweight\Flyweight.csproj", "{93F239F1-3C25-4DA6-AC45-871B9E55B205}"
EndProject
Project("{2150E333-8FDC-42A3-9474-1A3956D46DE8}") = "Template", "Template", "{9BBEAFEF-7C35-4679-8438-639890FC8AA6}"
EndProject
Project("{FAE04EC0-301F-11D3-BF4B-00C04F79EFBC}") = "Template", "Template\Template.csproj", "{788052D0-05CC-480E-9C89-752A5D4DC7DC}"
EndProject
Project("{2150E333-8FDC-42A3-9474-1A3956D46DE8}") = "Solution Items", "Solution Items", "{8373CB65-7F87-4A99-95A7-385D5A8693B4}"
	ProjectSection(SolutionItems) = preProject
		.editorconfig = .editorconfig
	EndProjectSection
EndProject
Global
	GlobalSection(SolutionConfigurationPlatforms) = preSolution
		Debug|Any CPU = Debug|Any CPU
		Release|Any CPU = Release|Any CPU
	EndGlobalSection
	GlobalSection(ProjectConfigurationPlatforms) = postSolution
		{B7E79F52-4703-41DE-BE4D-C93BDE5B4C3B}.Debug|Any CPU.ActiveCfg = Debug|Any CPU
		{B7E79F52-4703-41DE-BE4D-C93BDE5B4C3B}.Debug|Any CPU.Build.0 = Debug|Any CPU
		{B7E79F52-4703-41DE-BE4D-C93BDE5B4C3B}.Release|Any CPU.ActiveCfg = Release|Any CPU
		{B7E79F52-4703-41DE-BE4D-C93BDE5B4C3B}.Release|Any CPU.Build.0 = Release|Any CPU
		{B78A4B83-F97F-424D-97E3-26E179C0D690}.Debug|Any CPU.ActiveCfg = Debug|Any CPU
		{B78A4B83-F97F-424D-97E3-26E179C0D690}.Debug|Any CPU.Build.0 = Debug|Any CPU
		{B78A4B83-F97F-424D-97E3-26E179C0D690}.Release|Any CPU.ActiveCfg = Release|Any CPU
		{B78A4B83-F97F-424D-97E3-26E179C0D690}.Release|Any CPU.Build.0 = Release|Any CPU
		{C6B7B2FC-348C-4509-82B6-84445E42AA9A}.Debug|Any CPU.ActiveCfg = Debug|Any CPU
		{C6B7B2FC-348C-4509-82B6-84445E42AA9A}.Debug|Any CPU.Build.0 = Debug|Any CPU
		{C6B7B2FC-348C-4509-82B6-84445E42AA9A}.Release|Any CPU.ActiveCfg = Release|Any CPU
		{C6B7B2FC-348C-4509-82B6-84445E42AA9A}.Release|Any CPU.Build.0 = Release|Any CPU
		{824BB10E-D4A1-401B-A755-7FEAD6CAF927}.Debug|Any CPU.ActiveCfg = Debug|Any CPU
		{824BB10E-D4A1-401B-A755-7FEAD6CAF927}.Debug|Any CPU.Build.0 = Debug|Any CPU
		{824BB10E-D4A1-401B-A755-7FEAD6CAF927}.Release|Any CPU.ActiveCfg = Release|Any CPU
		{824BB10E-D4A1-401B-A755-7FEAD6CAF927}.Release|Any CPU.Build.0 = Release|Any CPU
		{6DE94F9C-AF3B-405D-A75F-953250F3DD33}.Debug|Any CPU.ActiveCfg = Debug|Any CPU
		{6DE94F9C-AF3B-405D-A75F-953250F3DD33}.Debug|Any CPU.Build.0 = Debug|Any CPU
		{6DE94F9C-AF3B-405D-A75F-953250F3DD33}.Release|Any CPU.ActiveCfg = Release|Any CPU
		{6DE94F9C-AF3B-405D-A75F-953250F3DD33}.Release|Any CPU.Build.0 = Release|Any CPU
		{24621F73-574C-4B34-B192-B3E251A9C12E}.Debug|Any CPU.ActiveCfg = Debug|Any CPU
		{24621F73-574C-4B34-B192-B3E251A9C12E}.Debug|Any CPU.Build.0 = Debug|Any CPU
		{24621F73-574C-4B34-B192-B3E251A9C12E}.Release|Any CPU.ActiveCfg = Release|Any CPU
		{24621F73-574C-4B34-B192-B3E251A9C12E}.Release|Any CPU.Build.0 = Release|Any CPU
		{AB017877-08D7-4722-8AFB-163A207948CA}.Debug|Any CPU.ActiveCfg = Debug|Any CPU
		{AB017877-08D7-4722-8AFB-163A207948CA}.Debug|Any CPU.Build.0 = Debug|Any CPU
		{AB017877-08D7-4722-8AFB-163A207948CA}.Release|Any CPU.ActiveCfg = Release|Any CPU
		{AB017877-08D7-4722-8AFB-163A207948CA}.Release|Any CPU.Build.0 = Release|Any CPU
		{0677BD75-1EEA-4470-B1EB-B010F07DE506}.Debug|Any CPU.ActiveCfg = Debug|Any CPU
		{0677BD75-1EEA-4470-B1EB-B010F07DE506}.Debug|Any CPU.Build.0 = Debug|Any CPU
		{0677BD75-1EEA-4470-B1EB-B010F07DE506}.Release|Any CPU.ActiveCfg = Release|Any CPU
		{0677BD75-1EEA-4470-B1EB-B010F07DE506}.Release|Any CPU.Build.0 = Release|Any CPU
		{D9E28F49-CB2A-486E-AF37-3F3CDAE98298}.Debug|Any CPU.ActiveCfg = Debug|Any CPU
		{D9E28F49-CB2A-486E-AF37-3F3CDAE98298}.Debug|Any CPU.Build.0 = Debug|Any CPU
		{D9E28F49-CB2A-486E-AF37-3F3CDAE98298}.Release|Any CPU.ActiveCfg = Release|Any CPU
		{D9E28F49-CB2A-486E-AF37-3F3CDAE98298}.Release|Any CPU.Build.0 = Release|Any CPU
		{3805087B-233B-473A-A867-41F432032A5B}.Debug|Any CPU.ActiveCfg = Debug|Any CPU
		{3805087B-233B-473A-A867-41F432032A5B}.Debug|Any CPU.Build.0 = Debug|Any CPU
		{3805087B-233B-473A-A867-41F432032A5B}.Release|Any CPU.ActiveCfg = Release|Any CPU
		{3805087B-233B-473A-A867-41F432032A5B}.Release|Any CPU.Build.0 = Release|Any CPU
		{93F239F1-3C25-4DA6-AC45-871B9E55B205}.Debug|Any CPU.ActiveCfg = Debug|Any CPU
		{93F239F1-3C25-4DA6-AC45-871B9E55B205}.Debug|Any CPU.Build.0 = Debug|Any CPU
		{93F239F1-3C25-4DA6-AC45-871B9E55B205}.Release|Any CPU.ActiveCfg = Release|Any CPU
		{93F239F1-3C25-4DA6-AC45-871B9E55B205}.Release|Any CPU.Build.0 = Release|Any CPU
		{788052D0-05CC-480E-9C89-752A5D4DC7DC}.Debug|Any CPU.ActiveCfg = Debug|Any CPU
		{788052D0-05CC-480E-9C89-752A5D4DC7DC}.Debug|Any CPU.Build.0 = Debug|Any CPU
		{788052D0-05CC-480E-9C89-752A5D4DC7DC}.Release|Any CPU.ActiveCfg = Release|Any CPU
		{788052D0-05CC-480E-9C89-752A5D4DC7DC}.Release|Any CPU.Build.0 = Release|Any CPU
	EndGlobalSection
	GlobalSection(SolutionProperties) = preSolution
		HideSolutionNode = FALSE
	EndGlobalSection
	GlobalSection(NestedProjects) = preSolution
		{B7E79F52-4703-41DE-BE4D-C93BDE5B4C3B} = {2AF2DD7A-C513-4DD3-8ED3-C9F1699FE086}
		{B78A4B83-F97F-424D-97E3-26E179C0D690} = {E578D956-13CD-4235-AA83-CA2F534BF5AD}
		{C6B7B2FC-348C-4509-82B6-84445E42AA9A} = {546C7DC1-243D-47CF-B837-B5BACC129627}
		{824BB10E-D4A1-401B-A755-7FEAD6CAF927} = {AA04E44B-99C3-430F-A884-2F7B0AD9AC0E}
		{6DE94F9C-AF3B-405D-A75F-953250F3DD33} = {5198CBCF-81A8-430D-A47E-A6CE4971F0CD}
		{24621F73-574C-4B34-B192-B3E251A9C12E} = {1F0F94A0-B442-459F-98CB-6046F15B98C5}
		{AB017877-08D7-4722-8AFB-163A207948CA} = {6A1E33DA-7EFD-490D-960F-77BFAADBEB03}
		{0677BD75-1EEA-4470-B1EB-B010F07DE506} = {6C6FFD75-1DFE-41F3-A949-1940182798FC}
		{D9E28F49-CB2A-486E-AF37-3F3CDAE98298} = {24B0ED0F-2410-482A-B6A3-9D49BB62E8AC}
		{3805087B-233B-473A-A867-41F432032A5B} = {B622E0BC-97D3-4C94-B06A-46C4BEEB3A07}
		{93F239F1-3C25-4DA6-AC45-871B9E55B205} = {35EFAE6F-24DE-4AFC-B284-2270B79E6A96}
		{788052D0-05CC-480E-9C89-752A5D4DC7DC} = {9BBEAFEF-7C35-4679-8438-639890FC8AA6}
	EndGlobalSection
	GlobalSection(ExtensibilityGlobals) = postSolution
		SolutionGuid = {93A9F510-017D-4D4A-BE81-08ED3CE1002B}
	EndGlobalSection
EndGlobal
